<Solution>
  <Project Path="Zenject.csproj" />
  <Project Path="Zenject-IntegrationTests-Editor.csproj" />
  <Project Path="Mirror.Components.csproj" />
  <Project Path="Edgegap.csproj" />
  <Project Path="Zenject-ReflectionBaking-Editor.csproj" />
  <Project Path="Unity.Entities.csproj" />
  <Project Path="Mirror.Editor.csproj" />
  <Project Path="ToonyColorsPro2.Demo.csproj" />
  <Project Path="sc.stylizedwater3.runtime.csproj" />
  <Project Path="Zenject-UnitTests-Editor.csproj" />
  <Project Path="Zenject-Editor.csproj" />
  <Project Path="ProjectDawn.Navigation.csproj" />
  <Project Path="Mirror.Examples.csproj" />
  <Project Path="Zenject-IntegrationTests.csproj" />
  <Project Path="ToonyColorsPro.Runtime.csproj" />
  <Project Path="Rukhanka.Runtime.csproj" />
  <Project Path="Unity.Entities.Hybrid.csproj" />
  <Project Path="Unity.Entities.Graphics.csproj" />
  <Project Path="Unity.Collections.csproj" />
  <Project Path="Rukhanka.Toolbox.csproj" />
  <Project Path="Unity.Splines.Examples.csproj" />
  <Project Path="Mirror.csproj" />
  <Project Path="Unity.Mirror.CodeGen.csproj" />
  <Project Path="ProjectDawn.Navigation.Hybrid.Editor.csproj" />
  <Project Path="SimpleWebTransport.csproj" />
  <Project Path="Mirror.Authenticators.csproj" />
  <Project Path="kcp2k.csproj" />
  <Project Path="ProjectDawn.Navigation.Hybrid.csproj" />
  <Project Path="Mirror.Transports.csproj" />
  <Project Path="Assembly-CSharp.csproj" />
  <Project Path="ProjectDawn.ReciprocalAvoidance.csproj" />
  <Project Path="ProjectDawn.LocalAvoidance.csproj" />
  <Project Path="Zenject-TestFramework.csproj" />
  <Project Path="Telepathy.csproj" />
  <Project Path="ProjectDawn.Navigation.Editor.csproj" />
  <Project Path="Assembly-CSharp-Editor-firstpass.csproj" />
  <Project Path="sc.stylizedwater3.editor.csproj" />
  <Project Path="Assembly-CSharp-firstpass.csproj" />
  <Project Path="Rukhanka.Hybrid.csproj" />
  <Project Path="ToonyColorsPro.Editor.csproj" />
  <Project Path="Zenject-PoolMonitor-Editor.csproj" />
  <Project Path="Rukhanka.Editor.csproj" />
  <Project Path="Unity.Splines.Examples.Editor.csproj" />
  <Project Path="Rukhanka.Tests.csproj" />
  <Project Path="Rukhanka.DebugDrawer.csproj" />
  <Project Path="ParrelSync.csproj" />
  <Project Path="KinoBloom.Runtime.csproj" />
  <Project Path="Mirror.CompilerSymbols.csproj" />
  <Project Path="ToonyColorsPro.Demo.Editor.csproj" />
  <Project Path="Assembly-CSharp-Editor.csproj" />
  <Project Path="ProjectDawn.Navigation.Astar.Editor.csproj" />
  <Project Path="ProjectDawn.Navigation.Astar.csproj" />
  <Project Path="EncryptionTransportEditor.csproj" />
</Solution>
